# This file was autogenerated by Stack.
# You should not edit this file by hand.
# For more information, please see the documentation at:
#   https://docs.haskellstack.org/en/stable/lock_files

packages:
- completed:
    hackage: knob-0.1.1@sha256:8dd62f0470fd829d5c4137b5ecfb0cb9a04a829fa8f436959d460019b3a6f118,1401
    pantry-tree:
      size: 507
      sha256: 3cdacac3d8d6a75fc501c77fc419c65e1dcdb0f1f4212e99c5e7c3ceb2998454
  original:
    hackage: knob-0.1.1@sha256:8dd62f0470fd829d5c4137b5ecfb0cb9a04a829fa8f436959d460019b3a6f118,1401
- completed:
    hackage: cabal-install-parsers-0.4.1@sha256:c5699cc5d143f54d197bcc5b3b6fb27c8485ea864ca2650178fa942821f912ba,3860
    pantry-tree:
      size: 1147
      sha256: c1b4c854d84477539cc6fe123f75178c6c95812010ebe951b9aab4226411ab60
  original:
    hackage: cabal-install-parsers-0.4.1@sha256:c5699cc5d143f54d197bcc5b3b6fb27c8485ea864ca2650178fa942821f912ba,3860
- completed:
    hackage: lsp-1.1.1.0@sha256:c8856e5fc71bc9834301731b5ba8786159e1d7e2d2d8ee07aec4f5421f2cf847,5568
    pantry-tree:
      size: 1397
      sha256: c94bd9be1c7c038c25c993985753fc88bc742321119282ecb2c3edf4beb9b599
  original:
    hackage: lsp-1.1.1.0@sha256:c8856e5fc71bc9834301731b5ba8786159e1d7e2d2d8ee07aec4f5421f2cf847,5568
- completed:
    hackage: dependent-map-0.4.0.0@sha256:ca2b131046f4340a1c35d138c5a003fe4a5be96b14efc26291ed35fd08c62221,1657
    pantry-tree:
      size: 551
      sha256: 5defa30010904d2ad05a036f3eaf83793506717c93cbeb599f40db1a3632cfc5
  original:
    hackage: dependent-map-0.4.0.0@sha256:ca2b131046f4340a1c35d138c5a003fe4a5be96b14efc26291ed35fd08c62221,1657
- completed:
    hackage: lsp-types-1.1.0.0@sha256:04af950c0a45034f7f2c0826e853fdbb3e50b7d67bd5ac570d3bc19089e62e46,4359
    pantry-tree:
      size: 3955
      sha256: 19d4aba1fc3b3c7c3568f2161882faedbf6d975f3deca1ec577a94d01188f945
  original:
    hackage: lsp-types-1.1.0.0@sha256:04af950c0a45034f7f2c0826e853fdbb3e50b7d67bd5ac570d3bc19089e62e46,4359
- completed:
    hackage: constraints-extras-0.3.0.2@sha256:013b8d0392582c6ca068e226718a4fe8be8e22321cc0634f6115505bf377ad26,1853
    pantry-tree:
      size: 594
      sha256: 3ce1012bfb02e4d7def9df19ce80b8cd2b472c691b25b181d9960638673fecd1
  original:
    hackage: constraints-extras-0.3.0.2@sha256:013b8d0392582c6ca068e226718a4fe8be8e22321cc0634f6115505bf377ad26,1853
- completed:
    hackage: dependent-sum-0.7.1.0@sha256:5599aa89637db434431b1dd3fa7c34bc3d565ee44f0519bfbc877be1927c2531,2068
    pantry-tree:
      size: 290
      sha256: 9cbfb32b5a8a782b7a1c941803fd517633cb699159b851c1d82267a9e9391b50
  original:
    hackage: dependent-sum-0.7.1.0@sha256:5599aa89637db434431b1dd3fa7c34bc3d565ee44f0519bfbc877be1927c2531,2068
- completed:
    hackage: dependent-sum-template-0.1.0.3@sha256:0bbbacdfbd3abf2a15aaf0cf2c27e5bdd159b519441fec39e1e6f2f54424adde,1682
    pantry-tree:
      size: 436
      sha256: 32eeadeb991a290a1da41ce7e995dee7d38ebba3bd3e53ea8074c32c086701fd
  original:
    hackage: dependent-sum-template-0.1.0.3@sha256:0bbbacdfbd3abf2a15aaf0cf2c27e5bdd159b519441fec39e1e6f2f54424adde,1682
- completed:
    hackage: some-1.0.1@sha256:26e5bab7276f48b25ea8660d3fd1166c0f20fd497dac879a40f408e23211f93e,2055
    pantry-tree:
      size: 708
      sha256: c882b6ebe8a0616f1ab3908f1620087ad5c6d8d82d1a72b99226f6487419bfe6
  original:
    hackage: some-1.0.1@sha256:26e5bab7276f48b25ea8660d3fd1166c0f20fd497dac879a40f408e23211f93e,2055
snapshots:
- completed:
    size: 568884
    url: https://raw.githubusercontent.com/commercialhaskell/stackage-snapshots/master/nightly/2021/2/28.yaml
    sha256: 1b51ac1749d23e842e51255a0114f7610ee7f5b1b8ddb03e5c531fd29e991b79
  original: nightly-2021-02-28
