# This file was autogenerated by Stack.
# You should not edit this file by hand.
# For more information, please see the documentation at:
#   https://docs.haskellstack.org/en/stable/lock_files

packages:
- completed:
    hackage: errata-0.3.0.0@sha256:3537e4b29a22c0fd9866dce5d7fac2ad16e9ff636b6ecbe819ab21a56366cc8d,2086
    pantry-tree:
      size: 683
      sha256: 137a43b8531539661c590dd6fdf322bd00a8303d0df031e313c4aed271dea415
  original:
    hackage: errata-0.3.0.0@sha256:3537e4b29a22c0fd9866dce5d7fac2ad16e9ff636b6ecbe819ab21a56366cc8d,2086
snapshots:
- completed:
    size: 568884
    url: https://raw.githubusercontent.com/commercialhaskell/stackage-snapshots/master/nightly/2021/2/28.yaml
    sha256: 1b51ac1749d23e842e51255a0114f7610ee7f5b1b8ddb03e5c531fd29e991b79
  original: nightly-2021-02-28
